
Microsoft Visual Studio Solution File, Format Version 12.00
# Visual Studio Version 16
VisualStudioVersion = 16.0.30621.155
MinimumVisualStudioVersion = 10.0.40219.1
Project("{9A19103F-16F7-4668-BE54-9A1E7A4F7556}") = "App", "App\App.csproj", "{1970D318-ACE2-4F5C-B2AB-7308DECEA18A}"
EndProject
Project("{9A19103F-16F7-4668-BE54-9A1E7A4F7556}") = "Business", "Business\Business.csproj", "{8193DA31-2C16-4055-B337-4C37AF50EF63}"
EndProject
Project("{FAE04EC0-301F-11D3-BF4B-00C04F79EFBC}") = "Services", "Services\Services.csproj", "{938353AA-147A-4E32-965B-F76183D663AE}"
EndProject
Global
	GlobalSection(SolutionConfigurationPlatforms) = preSolution
		Debug|Any CPU = Debug|Any CPU
		Release|Any CPU = Release|Any CPU
	EndGlobalSection
	GlobalSection(ProjectConfigurationPlatforms) = postSolution
		{1970D318-ACE2-4F5C-B2AB-7308DECEA18A}.Debug|Any CPU.ActiveCfg = Debug|Any CPU
		{1970D318-ACE2-4F5C-B2AB-7308DECEA18A}.Debug|Any CPU.Build.0 = Debug|Any CPU
		{1970D318-ACE2-4F5C-B2AB-7308DECEA18A}.Release|Any CPU.ActiveCfg = Release|Any CPU
		{1970D318-ACE2-4F5C-B2AB-7308DECEA18A}.Release|Any CPU.Build.0 = Release|Any CPU
		{8193DA31-2C16-4055-B337-4C37AF50EF63}.Debug|Any CPU.ActiveCfg = Debug|Any CPU
		{8193DA31-2C16-4055-B337-4C37AF50EF63}.Debug|Any CPU.Build.0 = Debug|Any CPU
		{8193DA31-2C16-4055-B337-4C37AF50EF63}.Release|Any CPU.ActiveCfg = Release|Any CPU
		{8193DA31-2C16-4055-B337-4C37AF50EF63}.Release|Any CPU.Build.0 = Release|Any CPU
		{938353AA-147A-4E32-965B-F76183D663AE}.Debug|Any CPU.ActiveCfg = Debug|Any CPU
		{938353AA-147A-4E32-965B-F76183D663AE}.Debug|Any CPU.Build.0 = Debug|Any CPU
		{938353AA-147A-4E32-965B-F76183D663AE}.Release|Any CPU.ActiveCfg = Release|Any CPU
		{938353AA-147A-4E32-965B-F76183D663AE}.Release|Any CPU.Build.0 = Release|Any CPU
	EndGlobalSection
	GlobalSection(SolutionProperties) = preSolution
		HideSolutionNode = FALSE
	EndGlobalSection
	GlobalSection(ExtensibilityGlobals) = postSolution
		SolutionGuid = {D59FF0FC-6DD2-498B-A9DF-6152D2ED9C69}
	EndGlobalSection
EndGlobal
